Microsoft Visual Studio Solution File, Format Version 11.00
# Visual Studio 2008

Project("{0D05BCC4-C22E-4A80-3A39-AB59624BE55A}") = "MyFirstUnity", "Assembly-CSharp-firstpass.csproj", "{0CEAACF3-40E5-B56E-0ED5-89C111B0566B}"
EndProject
Project("{0D05BCC4-C22E-4A80-3A39-AB59624BE55A}") = "MyFirstUnity", "Assembly-CSharp.csproj", "{C661A442-2006-0694-D67A-4A334A11E90D}"
EndProject
Project("{0D05BCC4-C22E-4A80-3A39-AB59624BE55A}") = "MyFirstUnity", "Assembly-CSharp-Editor.csproj", "{A71C4854-AB7D-B39B-3FE6-3AE310312586}"
EndProject
Project("{0D05BCC4-C22E-4A80-3A39-AB59624BE55A}") = "MyFirstUnity", "Assembly-UnityScript.unityproj", "{F1A7A699-4F52-7114-B70C-2046254157A5}"
EndProject
Project("{0D05BCC4-C22E-4A80-3A39-AB59624BE55A}") = "MyFirstUnity", "Assembly-UnityScript-Editor.unityproj", "{A91BBE9F-4FF7-63FD-D296-B42FB662AD10}"
EndProject
Global
	GlobalSection(SolutionConfigurationPlatforms) = preSolution
		Debug|Any CPU = Debug|Any CPU
		Release|Any CPU = Release|Any CPU
	EndGlobalSection
	GlobalSection(ProjectConfigurationPlatforms) = postSolution
		{0CEAACF3-40E5-B56E-0ED5-89C111B0566B}.Debug|Any CPU.ActiveCfg = Debug|Any CPU
		{0CEAACF3-40E5-B56E-0ED5-89C111B0566B}.Debug|Any CPU.Build.0 = Debug|Any CPU
		{0CEAACF3-40E5-B56E-0ED5-89C111B0566B}.Release|Any CPU.ActiveCfg = Release|Any CPU
		{0CEAACF3-40E5-B56E-0ED5-89C111B0566B}.Release|Any CPU.Build.0 = Release|Any CPU
		{C661A442-2006-0694-D67A-4A334A11E90D}.Debug|Any CPU.ActiveCfg = Debug|Any CPU
		{C661A442-2006-0694-D67A-4A334A11E90D}.Debug|Any CPU.Build.0 = Debug|Any CPU
		{C661A442-2006-0694-D67A-4A334A11E90D}.Release|Any CPU.ActiveCfg = Release|Any CPU
		{C661A442-2006-0694-D67A-4A334A11E90D}.Release|Any CPU.Build.0 = Release|Any CPU
		{A71C4854-AB7D-B39B-3FE6-3AE310312586}.Debug|Any CPU.ActiveCfg = Debug|Any CPU
		{A71C4854-AB7D-B39B-3FE6-3AE310312586}.Debug|Any CPU.Build.0 = Debug|Any CPU
		{A71C4854-AB7D-B39B-3FE6-3AE310312586}.Release|Any CPU.ActiveCfg = Release|Any CPU
		{A71C4854-AB7D-B39B-3FE6-3AE310312586}.Release|Any CPU.Build.0 = Release|Any CPU
		{F1A7A699-4F52-7114-B70C-2046254157A5}.Debug|Any CPU.ActiveCfg = Debug|Any CPU
		{F1A7A699-4F52-7114-B70C-2046254157A5}.Debug|Any CPU.Build.0 = Debug|Any CPU
		{F1A7A699-4F52-7114-B70C-2046254157A5}.Release|Any CPU.ActiveCfg = Release|Any CPU
		{F1A7A699-4F52-7114-B70C-2046254157A5}.Release|Any CPU.Build.0 = Release|Any CPU
		{A91BBE9F-4FF7-63FD-D296-B42FB662AD10}.Debug|Any CPU.ActiveCfg = Debug|Any CPU
		{A91BBE9F-4FF7-63FD-D296-B42FB662AD10}.Debug|Any CPU.Build.0 = Debug|Any CPU
		{A91BBE9F-4FF7-63FD-D296-B42FB662AD10}.Release|Any CPU.ActiveCfg = Release|Any CPU
		{A91BBE9F-4FF7-63FD-D296-B42FB662AD10}.Release|Any CPU.Build.0 = Release|Any CPU
	EndGlobalSection
	GlobalSection(SolutionProperties) = preSolution
		HideSolutionNode = FALSE
	EndGlobalSection
														GlobalSection(MonoDevelopProperties) = preSolution
		StartupItem = Assembly-CSharp.csproj
		Policies = $0
		$0.TextStylePolicy = $1
		$1.inheritsSet = null
		$1.scope = text/x-csharp
		$0.CSharpFormattingPolicy = $2
		$2.inheritsSet = Mono
		$2.inheritsScope = text/x-csharp
		$2.scope = text/x-csharp
		$0.TextStylePolicy = $3
		$3.FileWidth = 120
		$3.TabWidth = 4
		$3.IndentWidth = 4
		$3.EolMarker = Unix
		$3.inheritsSet = Mono
		$3.inheritsScope = text/plain
		$3.scope = text/plain
	EndGlobalSection

EndGlobal
